
Microsoft Visual Studio Solution File, Format Version 12.00
Project("{FAE04EC0-301F-11D3-BF4B-00C04F79EFBC}") = "JewelryWarehouse", "JewelryWarehouse\JewelryWarehouse.csproj", "{C2ECEED3-8166-404A-9442-FA9A7D51F31E}"
EndProject
Global
	GlobalSection(SolutionConfigurationPlatforms) = preSolution
		Debug|Any CPU = Debug|Any CPU
		Release|Any CPU = Release|Any CPU
	EndGlobalSection
	GlobalSection(ProjectConfigurationPlatforms) = postSolution
		{C2ECEED3-8166-404A-9442-FA9A7D51F31E}.Debug|Any CPU.ActiveCfg = Debug|Any CPU
		{C2ECEED3-8166-404A-9442-FA9A7D51F31E}.Debug|Any CPU.Build.0 = Debug|Any CPU
		{C2ECEED3-8166-404A-9442-FA9A7D51F31E}.Release|Any CPU.ActiveCfg = Release|Any CPU
		{C2ECEED3-8166-404A-9442-FA9A7D51F31E}.Release|Any CPU.Build.0 = Release|Any CPU
	EndGlobalSection
EndGlobal
